// !$*UTF8*$!
{
	archiveVersion = 1;
	classes = {
	};
	objectVersion = 56;
	objects = {

/* Begin PBXBuildFile section */
		37036D752C4AC29F002920F9 /* JimNightshade-Regular.ttf in Resources */ = {isa = PBXBuildFile; fileRef = 37036D742C4AC29F002920F9 /* JimNightshade-Regular.ttf */; };
		37036D772C4B8469002920F9 /* StorageManager.swift in Sources */ = {isa = PBXBuildFile; fileRef = 37036D762C4B8469002920F9 /* StorageManager.swift */; };
		37036D792C4D4D3F002920F9 /* Date.ext.swift in Sources */ = {isa = PBXBuildFile; fileRef = 37036D782C4D4D3F002920F9 /* Date.ext.swift */; };
		373DA17F2C4D503C00F53A6D /* Collections in Frameworks */ = {isa = PBXBuildFile; productRef = 373DA17E2C4D503C00F53A6D /* Collections */; };
		374034AC2C46A90100A6132E /* TagTransformer.swift in Sources */ = {isa = PBXBuildFile; fileRef = 374034AB2C46A90100A6132E /* TagTransformer.swift */; };
		374034AE2C48063C00A6132E /* UITextView.ext.swift in Sources */ = {isa = PBXBuildFile; fileRef = 374034AD2C48063C00A6132E /* UITextView.ext.swift */; };
		374034B02C48125E00A6132E /* String.ext.swift in Sources */ = {isa = PBXBuildFile; fileRef = 374034AF2C48125E00A6132E /* String.ext.swift */; };
		374034B32C4818BC00A6132E /* Cinzel-Black.ttf in Resources */ = {isa = PBXBuildFile; fileRef = 374034B22C4818BC00A6132E /* Cinzel-Black.ttf */; };
		374034B52C4818C400A6132E /* Cinzel-Bold.ttf in Resources */ = {isa = PBXBuildFile; fileRef = 374034B42C4818C400A6132E /* Cinzel-Bold.ttf */; };
		374034B72C4818CD00A6132E /* Cinzel-Regular.ttf in Resources */ = {isa = PBXBuildFile; fileRef = 374034B62C4818CD00A6132E /* Cinzel-Regular.ttf */; };
		374034B92C48197400A6132E /* UIFont.ext.swift in Sources */ = {isa = PBXBuildFile; fileRef = 374034B82C48197400A6132E /* UIFont.ext.swift */; };
		374034FB2C49643F00A6132E /* PublicationViewCell.swift in Sources */ = {isa = PBXBuildFile; fileRef = 374034FA2C49643F00A6132E /* PublicationViewCell.swift */; };
		3743CEDE2C3C2DFC00073612 /* AppDelegate.swift in Sources */ = {isa = PBXBuildFile; fileRef = 3743CEDD2C3C2DFC00073612 /* AppDelegate.swift */; };
		3743CEE02C3C2DFC00073612 /* SceneDelegate.swift in Sources */ = {isa = PBXBuildFile; fileRef = 3743CEDF2C3C2DFC00073612 /* SceneDelegate.swift */; };
		3743CEEA2C3C2DFE00073612 /* Assets.xcassets in Resources */ = {isa = PBXBuildFile; fileRef = 3743CEE92C3C2DFE00073612 /* Assets.xcassets */; };
		3743CEED2C3C2DFE00073612 /* Base in Resources */ = {isa = PBXBuildFile; fileRef = 3743CEEC2C3C2DFE00073612 /* Base */; };
		37556F992C3EC1C3009C2FF9 /* UIView.ext.swift in Sources */ = {isa = PBXBuildFile; fileRef = 37556F982C3EC1C3009C2FF9 /* UIView.ext.swift */; };
		37556FA02C3ECD93009C2FF9 /* CreationModel.swift in Sources */ = {isa = PBXBuildFile; fileRef = 37556F9F2C3ECD93009C2FF9 /* CreationModel.swift */; };
		37556FA22C3ECDC1009C2FF9 /* CreationView.swift in Sources */ = {isa = PBXBuildFile; fileRef = 37556FA12C3ECDC1009C2FF9 /* CreationView.swift */; };
		37556FA42C3ECE36009C2FF9 /* CreationPresenter.swift in Sources */ = {isa = PBXBuildFile; fileRef = 37556FA32C3ECE36009C2FF9 /* CreationPresenter.swift */; };
		37556FA62C3ECE79009C2FF9 /* CreationViewController.swift in Sources */ = {isa = PBXBuildFile; fileRef = 37556FA52C3ECE79009C2FF9 /* CreationViewController.swift */; };
		37556FA82C3ED069009C2FF9 /* CreationAssembly.swift in Sources */ = {isa = PBXBuildFile; fileRef = 37556FA72C3ED069009C2FF9 /* CreationAssembly.swift */; };
		37556FAD2C42B86D009C2FF9 /* CameraViewController.swift in Sources */ = {isa = PBXBuildFile; fileRef = 37556FAC2C42B86D009C2FF9 /* CameraViewController.swift */; };
		37556FAF2C42B93A009C2FF9 /* CameraView.swift in Sources */ = {isa = PBXBuildFile; fileRef = 37556FAE2C42B93A009C2FF9 /* CameraView.swift */; };
		37556FB32C42D173009C2FF9 /* CameraService.swift in Sources */ = {isa = PBXBuildFile; fileRef = 37556FB22C42D173009C2FF9 /* CameraService.swift */; };
		37556FB62C42D3FE009C2FF9 /* CameraPresenter.swift in Sources */ = {isa = PBXBuildFile; fileRef = 37556FB52C42D3FE009C2FF9 /* CameraPresenter.swift */; };
		37556FB92C43F3CF009C2FF9 /* CameraAssembly.swift in Sources */ = {isa = PBXBuildFile; fileRef = 37556FB82C43F3CF009C2FF9 /* CameraAssembly.swift */; };
		37556FC62C4589E7009C2FF9 /* Post+CoreDataClass.swift in Sources */ = {isa = PBXBuildFile; fileRef = 37556FC02C4589E7009C2FF9 /* Post+CoreDataClass.swift */; };
		37556FCF2C458CF2009C2FF9 /* MockTagsData.swift in Sources */ = {isa = PBXBuildFile; fileRef = 37556FCE2C458CF2009C2FF9 /* MockTagsData.swift */; };
		37556FDD2C46A077009C2FF9 /* Tag.swift in Sources */ = {isa = PBXBuildFile; fileRef = 37556FDC2C46A077009C2FF9 /* Tag.swift */; };
		37556FE22C46A308009C2FF9 /* Publications+CoreDataClass.swift in Sources */ = {isa = PBXBuildFile; fileRef = 37556FDE2C46A308009C2FF9 /* Publications+CoreDataClass.swift */; };
		37556FE42C46A308009C2FF9 /* Tags+CoreDataClass.swift in Sources */ = {isa = PBXBuildFile; fileRef = 37556FE02C46A308009C2FF9 /* Tags+CoreDataClass.swift */; };
		376ABBE82C3D723B009E6B80 /* CoreDataManager.swift in Sources */ = {isa = PBXBuildFile; fileRef = 376ABBE72C3D723B009E6B80 /* CoreDataManager.swift */; };
		376ABBEB2C3D7632009E6B80 /* SnapKit in Frameworks */ = {isa = PBXBuildFile; productRef = 376ABBEA2C3D7632009E6B80 /* SnapKit */; };
		376ABBED2C3D7C39009E6B80 /* PublicationsModel.swift in Sources */ = {isa = PBXBuildFile; fileRef = 376ABBEC2C3D7C39009E6B80 /* PublicationsModel.swift */; };
		376ABBEF2C3D7C80009E6B80 /* PublicationsView.swift in Sources */ = {isa = PBXBuildFile; fileRef = 376ABBEE2C3D7C80009E6B80 /* PublicationsView.swift */; };
		376ABBF12C3D7D43009E6B80 /* PublicationsPresenter.swift in Sources */ = {isa = PBXBuildFile; fileRef = 376ABBF02C3D7D43009E6B80 /* PublicationsPresenter.swift */; };
		376ABBF32C3D7D60009E6B80 /* Router.swift in Sources */ = {isa = PBXBuildFile; fileRef = 376ABBF22C3D7D60009E6B80 /* Router.swift */; };
		376ABBF52C3D7DC2009E6B80 /* PublicationsViewController.swift in Sources */ = {isa = PBXBuildFile; fileRef = 376ABBF42C3D7DC2009E6B80 /* PublicationsViewController.swift */; };
		37AC7EBD2C3D7F9200331626 /* NotificationName.ext.swift in Sources */ = {isa = PBXBuildFile; fileRef = 37AC7EBC2C3D7F9200331626 /* NotificationName.ext.swift */; };
		37AC7EBF2C3D83B700331626 /* PublicationsAssembly.swift in Sources */ = {isa = PBXBuildFile; fileRef = 37AC7EBE2C3D83B700331626 /* PublicationsAssembly.swift */; };
		37AC7EC22C3DADD200331626 /* post.xcdatamodeld in Sources */ = {isa = PBXBuildFile; fileRef = 37AC7EC02C3DADD200331626 /* post.xcdatamodeld */; };
/* End PBXBuildFile section */

/* Begin PBXFileReference section */
		37036D742C4AC29F002920F9 /* JimNightshade-Regular.ttf */ = {isa = PBXFileReference; lastKnownFileType = file; path = "JimNightshade-Regular.ttf"; sourceTree = "<group>"; };
		37036D762C4B8469002920F9 /* StorageManager.swift */ = {isa = PBXFileReference; lastKnownFileType = sourcecode.swift; path = StorageManager.swift; sourceTree = "<group>"; };
		37036D782C4D4D3F002920F9 /* Date.ext.swift */ = {isa = PBXFileReference; lastKnownFileType = sourcecode.swift; path = Date.ext.swift; sourceTree = "<group>"; };
		374034AB2C46A90100A6132E /* TagTransformer.swift */ = {isa = PBXFileReference; lastKnownFileType = sourcecode.swift; path = TagTransformer.swift; sourceTree = "<group>"; };
		374034AD2C48063C00A6132E /* UITextView.ext.swift */ = {isa = PBXFileReference; lastKnownFileType = sourcecode.swift; path = UITextView.ext.swift; sourceTree = "<group>"; };
		374034AF2C48125E00A6132E /* String.ext.swift */ = {isa = PBXFileReference; lastKnownFileType = sourcecode.swift; path = String.ext.swift; sourceTree = "<group>"; };
		374034B22C4818BC00A6132E /* Cinzel-Black.ttf */ = {isa = PBXFileReference; lastKnownFileType = file; path = "Cinzel-Black.ttf"; sourceTree = "<group>"; };
		374034B42C4818C400A6132E /* Cinzel-Bold.ttf */ = {isa = PBXFileReference; lastKnownFileType = file; path = "Cinzel-Bold.ttf"; sourceTree = "<group>"; };
		374034B62C4818CD00A6132E /* Cinzel-Regular.ttf */ = {isa = PBXFileReference; lastKnownFileType = file; path = "Cinzel-Regular.ttf"; sourceTree = "<group>"; };
		374034B82C48197400A6132E /* UIFont.ext.swift */ = {isa = PBXFileReference; lastKnownFileType = sourcecode.swift; path = UIFont.ext.swift; sourceTree = "<group>"; };
		374034FA2C49643F00A6132E /* PublicationViewCell.swift */ = {isa = PBXFileReference; lastKnownFileType = sourcecode.swift; path = PublicationViewCell.swift; sourceTree = "<group>"; };
		3743CEDA2C3C2DFC00073612 /* Postgram.app */ = {isa = PBXFileReference; explicitFileType = wrapper.application; includeInIndex = 0; path = Postgram.app; sourceTree = BUILT_PRODUCTS_DIR; };
		3743CEDD2C3C2DFC00073612 /* AppDelegate.swift */ = {isa = PBXFileReference; lastKnownFileType = sourcecode.swift; path = AppDelegate.swift; sourceTree = "<group>"; };
		3743CEDF2C3C2DFC00073612 /* SceneDelegate.swift */ = {isa = PBXFileReference; lastKnownFileType = sourcecode.swift; path = SceneDelegate.swift; sourceTree = "<group>"; };
		3743CEE92C3C2DFE00073612 /* Assets.xcassets */ = {isa = PBXFileReference; lastKnownFileType = folder.assetcatalog; path = Assets.xcassets; sourceTree = "<group>"; };
		3743CEEC2C3C2DFE00073612 /* Base */ = {isa = PBXFileReference; lastKnownFileType = file.storyboard; name = Base; path = Base.lproj/LaunchScreen.storyboard; sourceTree = "<group>"; };
		3743CEEE2C3C2DFE00073612 /* Info.plist */ = {isa = PBXFileReference; lastKnownFileType = text.plist.xml; path = Info.plist; sourceTree = "<group>"; };
		37556F982C3EC1C3009C2FF9 /* UIView.ext.swift */ = {isa = PBXFileReference; lastKnownFileType = sourcecode.swift; path = UIView.ext.swift; sourceTree = "<group>"; };
		37556F9F2C3ECD93009C2FF9 /* CreationModel.swift */ = {isa = PBXFileReference; lastKnownFileType = sourcecode.swift; path = CreationModel.swift; sourceTree = "<group>"; };
		37556FA12C3ECDC1009C2FF9 /* CreationView.swift */ = {isa = PBXFileReference; lastKnownFileType = sourcecode.swift; path = CreationView.swift; sourceTree = "<group>"; };
		37556FA32C3ECE36009C2FF9 /* CreationPresenter.swift */ = {isa = PBXFileReference; lastKnownFileType = sourcecode.swift; path = CreationPresenter.swift; sourceTree = "<group>"; };
		37556FA52C3ECE79009C2FF9 /* CreationViewController.swift */ = {isa = PBXFileReference; lastKnownFileType = sourcecode.swift; path = CreationViewController.swift; sourceTree = "<group>"; };
		37556FA72C3ED069009C2FF9 /* CreationAssembly.swift */ = {isa = PBXFileReference; lastKnownFileType = sourcecode.swift; path = CreationAssembly.swift; sourceTree = "<group>"; };
		37556FAC2C42B86D009C2FF9 /* CameraViewController.swift */ = {isa = PBXFileReference; lastKnownFileType = sourcecode.swift; path = CameraViewController.swift; sourceTree = "<group>"; };
		37556FAE2C42B93A009C2FF9 /* CameraView.swift */ = {isa = PBXFileReference; lastKnownFileType = sourcecode.swift; path = CameraView.swift; sourceTree = "<group>"; };
		37556FB22C42D173009C2FF9 /* CameraService.swift */ = {isa = PBXFileReference; lastKnownFileType = sourcecode.swift; path = CameraService.swift; sourceTree = "<group>"; };
		37556FB52C42D3FE009C2FF9 /* CameraPresenter.swift */ = {isa = PBXFileReference; lastKnownFileType = sourcecode.swift; path = CameraPresenter.swift; sourceTree = "<group>"; };
		37556FB82C43F3CF009C2FF9 /* CameraAssembly.swift */ = {isa = PBXFileReference; lastKnownFileType = sourcecode.swift; path = CameraAssembly.swift; sourceTree = "<group>"; };
		37556FC02C4589E7009C2FF9 /* Post+CoreDataClass.swift */ = {isa = PBXFileReference; lastKnownFileType = sourcecode.swift; path = "Post+CoreDataClass.swift"; sourceTree = "<group>"; };
		37556FCE2C458CF2009C2FF9 /* MockTagsData.swift */ = {isa = PBXFileReference; lastKnownFileType = sourcecode.swift; path = MockTagsData.swift; sourceTree = "<group>"; };
		37556FDC2C46A077009C2FF9 /* Tag.swift */ = {isa = PBXFileReference; lastKnownFileType = sourcecode.swift; path = Tag.swift; sourceTree = "<group>"; };
		37556FDE2C46A308009C2FF9 /* Publications+CoreDataClass.swift */ = {isa = PBXFileReference; lastKnownFileType = sourcecode.swift; path = "Publications+CoreDataClass.swift"; sourceTree = "<group>"; };
		37556FE02C46A308009C2FF9 /* Tags+CoreDataClass.swift */ = {isa = PBXFileReference; lastKnownFileType = sourcecode.swift; path = "Tags+CoreDataClass.swift"; sourceTree = "<group>"; };
		376ABBE72C3D723B009E6B80 /* CoreDataManager.swift */ = {isa = PBXFileReference; lastKnownFileType = sourcecode.swift; path = CoreDataManager.swift; sourceTree = "<group>"; };
		376ABBEC2C3D7C39009E6B80 /* PublicationsModel.swift */ = {isa = PBXFileReference; lastKnownFileType = sourcecode.swift; path = PublicationsModel.swift; sourceTree = "<group>"; };
		376ABBEE2C3D7C80009E6B80 /* PublicationsView.swift */ = {isa = PBXFileReference; lastKnownFileType = sourcecode.swift; path = PublicationsView.swift; sourceTree = "<group>"; };
		376ABBF02C3D7D43009E6B80 /* PublicationsPresenter.swift */ = {isa = PBXFileReference; lastKnownFileType = sourcecode.swift; path = PublicationsPresenter.swift; sourceTree = "<group>"; };
		376ABBF22C3D7D60009E6B80 /* Router.swift */ = {isa = PBXFileReference; lastKnownFileType = sourcecode.swift; path = Router.swift; sourceTree = "<group>"; };
		376ABBF42C3D7DC2009E6B80 /* PublicationsViewController.swift */ = {isa = PBXFileReference; lastKnownFileType = sourcecode.swift; path = PublicationsViewController.swift; sourceTree = "<group>"; };
		37AC7EBC2C3D7F9200331626 /* NotificationName.ext.swift */ = {isa = PBXFileReference; lastKnownFileType = sourcecode.swift; path = NotificationName.ext.swift; sourceTree = "<group>"; };
		37AC7EBE2C3D83B700331626 /* PublicationsAssembly.swift */ = {isa = PBXFileReference; lastKnownFileType = sourcecode.swift; path = PublicationsAssembly.swift; sourceTree = "<group>"; };
		37AC7EC12C3DADD200331626 /* post.xcdatamodel */ = {isa = PBXFileReference; lastKnownFileType = wrapper.xcdatamodel; path = post.xcdatamodel; sourceTree = "<group>"; };
/* End PBXFileReference section */

/* Begin PBXFrameworksBuildPhase section */
		3743CED72C3C2DFC00073612 /* Frameworks */ = {
			isa = PBXFrameworksBuildPhase;
			buildActionMask = 2147483647;
			files = (
				373DA17F2C4D503C00F53A6D /* Collections in Frameworks */,
				376ABBEB2C3D7632009E6B80 /* SnapKit in Frameworks */,
			);
			runOnlyForDeploymentPostprocessing = 0;
		};
/* End PBXFrameworksBuildPhase section */

/* Begin PBXGroup section */
		374034AA2C46A8E900A6132E /* Tag */ = {
			isa = PBXGroup;
			children = (
				37556FDC2C46A077009C2FF9 /* Tag.swift */,
				374034AB2C46A90100A6132E /* TagTransformer.swift */,
				37556FCE2C458CF2009C2FF9 /* MockTagsData.swift */,
			);
			path = Tag;
			sourceTree = "<group>";
		};
		374034B12C48182200A6132E /* Fonts */ = {
			isa = PBXGroup;
			children = (
				374034B62C4818CD00A6132E /* Cinzel-Regular.ttf */,
				374034B42C4818C400A6132E /* Cinzel-Bold.ttf */,
				374034B22C4818BC00A6132E /* Cinzel-Black.ttf */,
				37036D742C4AC29F002920F9 /* JimNightshade-Regular.ttf */,
			);
			path = Fonts;
			sourceTree = "<group>";
		};
		3743CED12C3C2DFC00073612 = {
			isa = PBXGroup;
			children = (
				3743CEDC2C3C2DFC00073612 /* Postgram */,
				3743CEDB2C3C2DFC00073612 /* Products */,
			);
			sourceTree = "<group>";
		};
		3743CEDB2C3C2DFC00073612 /* Products */ = {
			isa = PBXGroup;
			children = (
				3743CEDA2C3C2DFC00073612 /* Postgram.app */,
			);
			name = Products;
			sourceTree = "<group>";
		};
		3743CEDC2C3C2DFC00073612 /* Postgram */ = {
			isa = PBXGroup;
			children = (
				37AC7EC02C3DADD200331626 /* post.xcdatamodeld */,
				37036D762C4B8469002920F9 /* StorageManager.swift */,
				376ABBF22C3D7D60009E6B80 /* Router.swift */,
				3743CEFC2C3C55CB00073612 /* CoreData */,
				37556FAB2C42B85C009C2FF9 /* CameraModule */,
				3743CEF72C3C543700073612 /* PublicationsModule */,
				37556F9A2C3ECD3B009C2FF9 /* CreationModule */,
				37AC7EBB2C3D7F7600331626 /* Extension */,
				374034B12C48182200A6132E /* Fonts */,
				3743CEDD2C3C2DFC00073612 /* AppDelegate.swift */,
				3743CEDF2C3C2DFC00073612 /* SceneDelegate.swift */,
				3743CEE92C3C2DFE00073612 /* Assets.xcassets */,
				3743CEEB2C3C2DFE00073612 /* LaunchScreen.storyboard */,
				3743CEEE2C3C2DFE00073612 /* Info.plist */,
			);
			path = Postgram;
			sourceTree = "<group>";
		};
		3743CEF72C3C543700073612 /* PublicationsModule */ = {
			isa = PBXGroup;
			children = (
				3743CEFB2C3C547B00073612 /* Model */,
				3743CEFA2C3C547500073612 /* View */,
				3743CEF92C3C546E00073612 /* Presenter */,
				3743CEF82C3C546500073612 /* Assembly */,
			);
			path = PublicationsModule;
			sourceTree = "<group>";
		};
		3743CEF82C3C546500073612 /* Assembly */ = {
			isa = PBXGroup;
			children = (
				37AC7EBE2C3D83B700331626 /* PublicationsAssembly.swift */,
			);
			path = Assembly;
			sourceTree = "<group>";
		};
		3743CEF92C3C546E00073612 /* Presenter */ = {
			isa = PBXGroup;
			children = (
				376ABBF02C3D7D43009E6B80 /* PublicationsPresenter.swift */,
			);
			path = Presenter;
			sourceTree = "<group>";
		};
		3743CEFA2C3C547500073612 /* View */ = {
			isa = PBXGroup;
			children = (
				374034FA2C49643F00A6132E /* PublicationViewCell.swift */,
				376ABBEE2C3D7C80009E6B80 /* PublicationsView.swift */,
				376ABBF42C3D7DC2009E6B80 /* PublicationsViewController.swift */,
			);
			path = View;
			sourceTree = "<group>";
		};
		3743CEFB2C3C547B00073612 /* Model */ = {
			isa = PBXGroup;
			children = (
				376ABBEC2C3D7C39009E6B80 /* PublicationsModel.swift */,
			);
			path = Model;
			sourceTree = "<group>";
		};
		3743CEFC2C3C55CB00073612 /* CoreData */ = {
			isa = PBXGroup;
			children = (
				376ABBE52C3D7227009E6B80 /* Model */,
				376ABBE62C3D722C009E6B80 /* Manager */,
			);
			path = CoreData;
			sourceTree = "<group>";
		};
		37556F9A2C3ECD3B009C2FF9 /* CreationModule */ = {
			isa = PBXGroup;
			children = (
				37556F9E2C3ECD83009C2FF9 /* Model */,
				37556F9D2C3ECD7E009C2FF9 /* View */,
				37556F9C2C3ECD78009C2FF9 /* Presenter */,
				37556F9B2C3ECD71009C2FF9 /* Assembly */,
			);
			path = CreationModule;
			sourceTree = "<group>";
		};
		37556F9B2C3ECD71009C2FF9 /* Assembly */ = {
			isa = PBXGroup;
			children = (
				37556FA72C3ED069009C2FF9 /* CreationAssembly.swift */,
			);
			path = Assembly;
			sourceTree = "<group>";
		};
		37556F9C2C3ECD78009C2FF9 /* Presenter */ = {
			isa = PBXGroup;
			children = (
				37556FA32C3ECE36009C2FF9 /* CreationPresenter.swift */,
			);
			path = Presenter;
			sourceTree = "<group>";
		};
		37556F9D2C3ECD7E009C2FF9 /* View */ = {
			isa = PBXGroup;
			children = (
				37556FA12C3ECDC1009C2FF9 /* CreationView.swift */,
				37556FA52C3ECE79009C2FF9 /* CreationViewController.swift */,
			);
			path = View;
			sourceTree = "<group>";
		};
		37556F9E2C3ECD83009C2FF9 /* Model */ = {
			isa = PBXGroup;
			children = (
				37556F9F2C3ECD93009C2FF9 /* CreationModel.swift */,
			);
			path = Model;
			sourceTree = "<group>";
		};
		37556FAB2C42B85C009C2FF9 /* CameraModule */ = {
			isa = PBXGroup;
			children = (
				37556FB12C42D140009C2FF9 /* Model */,
				37556FB02C42B94B009C2FF9 /* View */,
				37556FB42C42D3EC009C2FF9 /* Presenter */,
				37556FB72C43F3B6009C2FF9 /* Assembly */,
			);
			path = CameraModule;
			sourceTree = "<group>";
		};
		37556FB02C42B94B009C2FF9 /* View */ = {
			isa = PBXGroup;
			children = (
				37556FAC2C42B86D009C2FF9 /* CameraViewController.swift */,
				37556FAE2C42B93A009C2FF9 /* CameraView.swift */,
			);
			path = View;
			sourceTree = "<group>";
		};
		37556FB12C42D140009C2FF9 /* Model */ = {
			isa = PBXGroup;
			children = (
				37556FB22C42D173009C2FF9 /* CameraService.swift */,
			);
			path = Model;
			sourceTree = "<group>";
		};
		37556FB42C42D3EC009C2FF9 /* Presenter */ = {
			isa = PBXGroup;
			children = (
				37556FB52C42D3FE009C2FF9 /* CameraPresenter.swift */,
			);
			path = Presenter;
			sourceTree = "<group>";
		};
		37556FB72C43F3B6009C2FF9 /* Assembly */ = {
			isa = PBXGroup;
			children = (
				37556FB82C43F3CF009C2FF9 /* CameraAssembly.swift */,
			);
			path = Assembly;
			sourceTree = "<group>";
		};
		376ABBE52C3D7227009E6B80 /* Model */ = {
			isa = PBXGroup;
			children = (
				374034AA2C46A8E900A6132E /* Tag */,
				37556FDE2C46A308009C2FF9 /* Publications+CoreDataClass.swift */,
				37556FC02C4589E7009C2FF9 /* Post+CoreDataClass.swift */,
				37556FE02C46A308009C2FF9 /* Tags+CoreDataClass.swift */,
			);
			path = Model;
			sourceTree = "<group>";
		};
		376ABBE62C3D722C009E6B80 /* Manager */ = {
			isa = PBXGroup;
			children = (
				376ABBE72C3D723B009E6B80 /* CoreDataManager.swift */,
			);
			path = Manager;
			sourceTree = "<group>";
		};
		37AC7EBB2C3D7F7600331626 /* Extension */ = {
			isa = PBXGroup;
			children = (
				37AC7EBC2C3D7F9200331626 /* NotificationName.ext.swift */,
				37556F982C3EC1C3009C2FF9 /* UIView.ext.swift */,
				374034AD2C48063C00A6132E /* UITextView.ext.swift */,
				374034AF2C48125E00A6132E /* String.ext.swift */,
				374034B82C48197400A6132E /* UIFont.ext.swift */,
				37036D782C4D4D3F002920F9 /* Date.ext.swift */,
			);
			path = Extension;
			sourceTree = "<group>";
		};
/* End PBXGroup section */

/* Begin PBXNativeTarget section */
		3743CED92C3C2DFC00073612 /* Postgram */ = {
			isa = PBXNativeTarget;
			buildConfigurationList = 3743CEF12C3C2DFE00073612 /* Build configuration list for PBXNativeTarget "Postgram" */;
			buildPhases = (
				3743CED62C3C2DFC00073612 /* Sources */,
				3743CED72C3C2DFC00073612 /* Frameworks */,
				3743CED82C3C2DFC00073612 /* Resources */,
			);
			buildRules = (
			);
			dependencies = (
			);
			name = Postgram;
			packageProductDependencies = (
				376ABBEA2C3D7632009E6B80 /* SnapKit */,
				373DA17E2C4D503C00F53A6D /* Collections */,
			);
			productName = Postgram;
			productReference = 3743CEDA2C3C2DFC00073612 /* Postgram.app */;
			productType = "com.apple.product-type.application";
		};
/* End PBXNativeTarget section */

/* Begin PBXProject section */
		3743CED22C3C2DFC00073612 /* Project object */ = {
			isa = PBXProject;
			attributes = {
				BuildIndependentTargetsInParallel = 1;
				LastSwiftUpdateCheck = 1540;
				LastUpgradeCheck = 1540;
				TargetAttributes = {
					3743CED92C3C2DFC00073612 = {
						CreatedOnToolsVersion = 15.4;
					};
				};
			};
			buildConfigurationList = 3743CED52C3C2DFC00073612 /* Build configuration list for PBXProject "Postgram" */;
			compatibilityVersion = "Xcode 14.0";
			developmentRegion = en;
			hasScannedForEncodings = 0;
			knownRegions = (
				en,
				Base,
			);
			mainGroup = 3743CED12C3C2DFC00073612;
			packageReferences = (
				376ABBE92C3D7632009E6B80 /* XCRemoteSwiftPackageReference "SnapKit" */,
				373DA17D2C4D503C00F53A6D /* XCRemoteSwiftPackageReference "swift-collections" */,
			);
			productRefGroup = 3743CEDB2C3C2DFC00073612 /* Products */;
			projectDirPath = "";
			projectRoot = "";
			targets = (
				3743CED92C3C2DFC00073612 /* Postgram */,
			);
		};
/* End PBXProject section */

/* Begin PBXResourcesBuildPhase section */
		3743CED82C3C2DFC00073612 /* Resources */ = {
			isa = PBXResourcesBuildPhase;
			buildActionMask = 2147483647;
			files = (
				374034B32C4818BC00A6132E /* Cinzel-Black.ttf in Resources */,
				3743CEEA2C3C2DFE00073612 /* Assets.xcassets in Resources */,
				374034B52C4818C400A6132E /* Cinzel-Bold.ttf in Resources */,
				37036D752C4AC29F002920F9 /* JimNightshade-Regular.ttf in Resources */,
				374034B72C4818CD00A6132E /* Cinzel-Regular.ttf in Resources */,
				3743CEED2C3C2DFE00073612 /* Base in Resources */,
			);
			runOnlyForDeploymentPostprocessing = 0;
		};
/* End PBXResourcesBuildPhase section */

/* Begin PBXSourcesBuildPhase section */
		3743CED62C3C2DFC00073612 /* Sources */ = {
			isa = PBXSourcesBuildPhase;
			buildActionMask = 2147483647;
			files = (
				37AC7EC22C3DADD200331626 /* post.xcdatamodeld in Sources */,
				37556F992C3EC1C3009C2FF9 /* UIView.ext.swift in Sources */,
				37556FCF2C458CF2009C2FF9 /* MockTagsData.swift in Sources */,
				376ABBF52C3D7DC2009E6B80 /* PublicationsViewController.swift in Sources */,
				376ABBE82C3D723B009E6B80 /* CoreDataManager.swift in Sources */,
				376ABBEF2C3D7C80009E6B80 /* PublicationsView.swift in Sources */,
				37AC7EBD2C3D7F9200331626 /* NotificationName.ext.swift in Sources */,
				37556FAF2C42B93A009C2FF9 /* CameraView.swift in Sources */,
				376ABBF32C3D7D60009E6B80 /* Router.swift in Sources */,
				374034FB2C49643F00A6132E /* PublicationViewCell.swift in Sources */,
				374034B02C48125E00A6132E /* String.ext.swift in Sources */,
				37556FB62C42D3FE009C2FF9 /* CameraPresenter.swift in Sources */,
				374034B92C48197400A6132E /* UIFont.ext.swift in Sources */,
				37556FA02C3ECD93009C2FF9 /* CreationModel.swift in Sources */,
				37556FA42C3ECE36009C2FF9 /* CreationPresenter.swift in Sources */,
				376ABBF12C3D7D43009E6B80 /* PublicationsPresenter.swift in Sources */,
				37556FB32C42D173009C2FF9 /* CameraService.swift in Sources */,
				374034AC2C46A90100A6132E /* TagTransformer.swift in Sources */,
				37036D772C4B8469002920F9 /* StorageManager.swift in Sources */,
				37556FAD2C42B86D009C2FF9 /* CameraViewController.swift in Sources */,
				37AC7EBF2C3D83B700331626 /* PublicationsAssembly.swift in Sources */,
				37556FE22C46A308009C2FF9 /* Publications+CoreDataClass.swift in Sources */,
				37556FE42C46A308009C2FF9 /* Tags+CoreDataClass.swift in Sources */,
				37556FA82C3ED069009C2FF9 /* CreationAssembly.swift in Sources */,
				37556FB92C43F3CF009C2FF9 /* CameraAssembly.swift in Sources */,
				37556FA62C3ECE79009C2FF9 /* CreationViewController.swift in Sources */,
				37036D792C4D4D3F002920F9 /* Date.ext.swift in Sources */,
				37556FC62C4589E7009C2FF9 /* Post+CoreDataClass.swift in Sources */,
				3743CEDE2C3C2DFC00073612 /* AppDelegate.swift in Sources */,
				376ABBED2C3D7C39009E6B80 /* PublicationsModel.swift in Sources */,
				37556FDD2C46A077009C2FF9 /* Tag.swift in Sources */,
				3743CEE02C3C2DFC00073612 /* SceneDelegate.swift in Sources */,
				37556FA22C3ECDC1009C2FF9 /* CreationView.swift in Sources */,
				374034AE2C48063C00A6132E /* UITextView.ext.swift in Sources */,
			);
			runOnlyForDeploymentPostprocessing = 0;
		};
/* End PBXSourcesBuildPhase section */

/* Begin PBXVariantGroup section */
		3743CEEB2C3C2DFE00073612 /* LaunchScreen.storyboard */ = {
			isa = PBXVariantGroup;
			children = (
				3743CEEC2C3C2DFE00073612 /* Base */,
			);
			name = LaunchScreen.storyboard;
			sourceTree = "<group>";
		};
/* End PBXVariantGroup section */

/* Begin XCBuildConfiguration section */
		3743CEEF2C3C2DFE00073612 /* Debug */ = {
			isa = XCBuildConfiguration;
			buildSettings = {
				ALWAYS_SEARCH_USER_PATHS = NO;
				ASSETCATALOG_COMPILER_GENERATE_SWIFT_ASSET_SYMBOL_EXTENSIONS = YES;
				CLANG_ANALYZER_NONNULL = YES;
				CLANG_ANALYZER_NUMBER_OBJECT_CONVERSION = YES_AGGRESSIVE;
				CLANG_CXX_LANGUAGE_STANDARD = "gnu++20";
				CLANG_ENABLE_MODULES = YES;
				CLANG_ENABLE_OBJC_ARC = YES;
				CLANG_ENABLE_OBJC_WEAK = YES;
				CLANG_WARN_BLOCK_CAPTURE_AUTORELEASING = YES;
				CLANG_WARN_BOOL_CONVERSION = YES;
				CLANG_WARN_COMMA = YES;
				CLANG_WARN_CONSTANT_CONVERSION = YES;
				CLANG_WARN_DEPRECATED_OBJC_IMPLEMENTATIONS = YES;
				CLANG_WARN_DIRECT_OBJC_ISA_USAGE = YES_ERROR;
				CLANG_WARN_DOCUMENTATION_COMMENTS = YES;
				CLANG_WARN_EMPTY_BODY = YES;
				CLANG_WARN_ENUM_CONVERSION = YES;
				CLANG_WARN_INFINITE_RECURSION = YES;
				CLANG_WARN_INT_CONVERSION = YES;
				CLANG_WARN_NON_LITERAL_NULL_CONVERSION = YES;
				CLANG_WARN_OBJC_IMPLICIT_RETAIN_SELF = YES;
				CLANG_WARN_OBJC_LITERAL_CONVERSION = YES;
				CLANG_WARN_OBJC_ROOT_CLASS = YES_ERROR;
				CLANG_WARN_QUOTED_INCLUDE_IN_FRAMEWORK_HEADER = YES;
				CLANG_WARN_RANGE_LOOP_ANALYSIS = YES;
				CLANG_WARN_STRICT_PROTOTYPES = YES;
				CLANG_WARN_SUSPICIOUS_MOVE = YES;
				CLANG_WARN_UNGUARDED_AVAILABILITY = YES_AGGRESSIVE;
				CLANG_WARN_UNREACHABLE_CODE = YES;
				CLANG_WARN__DUPLICATE_METHOD_MATCH = YES;
				COPY_PHASE_STRIP = NO;
				DEBUG_INFORMATION_FORMAT = dwarf;
				ENABLE_STRICT_OBJC_MSGSEND = YES;
				ENABLE_TESTABILITY = YES;
				ENABLE_USER_SCRIPT_SANDBOXING = YES;
				GCC_C_LANGUAGE_STANDARD = gnu17;
				GCC_DYNAMIC_NO_PIC = NO;
				GCC_NO_COMMON_BLOCKS = YES;
				GCC_OPTIMIZATION_LEVEL = 0;
				GCC_PREPROCESSOR_DEFINITIONS = (
					"DEBUG=1",
					"$(inherited)",
				);
				GCC_WARN_64_TO_32_BIT_CONVERSION = YES;
				GCC_WARN_ABOUT_RETURN_TYPE = YES_ERROR;
				GCC_WARN_UNDECLARED_SELECTOR = YES;
				GCC_WARN_UNINITIALIZED_AUTOS = YES_AGGRESSIVE;
				GCC_WARN_UNUSED_FUNCTION = YES;
				GCC_WARN_UNUSED_VARIABLE = YES;
				IPHONEOS_DEPLOYMENT_TARGET = 17.5;
				LOCALIZATION_PREFERS_STRING_CATALOGS = YES;
				MTL_ENABLE_DEBUG_INFO = INCLUDE_SOURCE;
				MTL_FAST_MATH = YES;
				ONLY_ACTIVE_ARCH = YES;
				SDKROOT = iphoneos;
				SWIFT_ACTIVE_COMPILATION_CONDITIONS = "DEBUG $(inherited)";
				SWIFT_OPTIMIZATION_LEVEL = "-Onone";
			};
			name = Debug;
		};
		3743CEF02C3C2DFE00073612 /* Release */ = {
			isa = XCBuildConfiguration;
			buildSettings = {
				ALWAYS_SEARCH_USER_PATHS = NO;
				ASSETCATALOG_COMPILER_GENERATE_SWIFT_ASSET_SYMBOL_EXTENSIONS = YES;
				CLANG_ANALYZER_NONNULL = YES;
				CLANG_ANALYZER_NUMBER_OBJECT_CONVERSION = YES_AGGRESSIVE;
				CLANG_CXX_LANGUAGE_STANDARD = "gnu++20";
				CLANG_ENABLE_MODULES = YES;
				CLANG_ENABLE_OBJC_ARC = YES;
				CLANG_ENABLE_OBJC_WEAK = YES;
				CLANG_WARN_BLOCK_CAPTURE_AUTORELEASING = YES;
				CLANG_WARN_BOOL_CONVERSION = YES;
				CLANG_WARN_COMMA = YES;
				CLANG_WARN_CONSTANT_CONVERSION = YES;
				CLANG_WARN_DEPRECATED_OBJC_IMPLEMENTATIONS = YES;
				CLANG_WARN_DIRECT_OBJC_ISA_USAGE = YES_ERROR;
				CLANG_WARN_DOCUMENTATION_COMMENTS = YES;
				CLANG_WARN_EMPTY_BODY = YES;
				CLANG_WARN_ENUM_CONVERSION = YES;
				CLANG_WARN_INFINITE_RECURSION = YES;
				CLANG_WARN_INT_CONVERSION = YES;
				CLANG_WARN_NON_LITERAL_NULL_CONVERSION = YES;
				CLANG_WARN_OBJC_IMPLICIT_RETAIN_SELF = YES;
				CLANG_WARN_OBJC_LITERAL_CONVERSION = YES;
				CLANG_WARN_OBJC_ROOT_CLASS = YES_ERROR;
				CLANG_WARN_QUOTED_INCLUDE_IN_FRAMEWORK_HEADER = YES;
				CLANG_WARN_RANGE_LOOP_ANALYSIS = YES;
				CLANG_WARN_STRICT_PROTOTYPES = YES;
				CLANG_WARN_SUSPICIOUS_MOVE = YES;
				CLANG_WARN_UNGUARDED_AVAILABILITY = YES_AGGRESSIVE;
				CLANG_WARN_UNREACHABLE_CODE = YES;
				CLANG_WARN__DUPLICATE_METHOD_MATCH = YES;
				COPY_PHASE_STRIP = NO;
				DEBUG_INFORMATION_FORMAT = "dwarf-with-dsym";
				ENABLE_NS_ASSERTIONS = NO;
				ENABLE_STRICT_OBJC_MSGSEND = YES;
				ENABLE_USER_SCRIPT_SANDBOXING = YES;
				GCC_C_LANGUAGE_STANDARD = gnu17;
				GCC_NO_COMMON_BLOCKS = YES;
				GCC_WARN_64_TO_32_BIT_CONVERSION = YES;
				GCC_WARN_ABOUT_RETURN_TYPE = YES_ERROR;
				GCC_WARN_UNDECLARED_SELECTOR = YES;
				GCC_WARN_UNINITIALIZED_AUTOS = YES_AGGRESSIVE;
				GCC_WARN_UNUSED_FUNCTION = YES;
				GCC_WARN_UNUSED_VARIABLE = YES;
				IPHONEOS_DEPLOYMENT_TARGET = 17.5;
				LOCALIZATION_PREFERS_STRING_CATALOGS = YES;
				MTL_ENABLE_DEBUG_INFO = NO;
				MTL_FAST_MATH = YES;
				SDKROOT = iphoneos;
				SWIFT_COMPILATION_MODE = wholemodule;
				VALIDATE_PRODUCT = YES;
			};
			name = Release;
		};
		3743CEF22C3C2DFE00073612 /* Debug */ = {
			isa = XCBuildConfiguration;
			buildSettings = {
				ASSETCATALOG_COMPILER_APPICON_NAME = AppIcon;
				ASSETCATALOG_COMPILER_GLOBAL_ACCENT_COLOR_NAME = AccentColor;
				CODE_SIGN_STYLE = Automatic;
				CURRENT_PROJECT_VERSION = 1;
				DEVELOPMENT_TEAM = T3Y57V3BSA;
				GENERATE_INFOPLIST_FILE = YES;
				INFOPLIST_FILE = Postgram/Info.plist;
				INFOPLIST_KEY_NSCameraUsageDescription = "To make photos";
				INFOPLIST_KEY_NSPhotoLibraryAddUsageDescription = "To save capture";
				INFOPLIST_KEY_NSPhotoLibraryUsageDescription = "To save photos";
				INFOPLIST_KEY_UIApplicationSupportsIndirectInputEvents = YES;
				INFOPLIST_KEY_UILaunchStoryboardName = LaunchScreen;
				INFOPLIST_KEY_UISupportedInterfaceOrientations_iPad = "UIInterfaceOrientationPortrait UIInterfaceOrientationPortraitUpsideDown UIInterfaceOrientationLandscapeLeft UIInterfaceOrientationLandscapeRight";
				INFOPLIST_KEY_UISupportedInterfaceOrientations_iPhone = "UIInterfaceOrientationPortrait UIInterfaceOrientationLandscapeLeft UIInterfaceOrientationLandscapeRight";
				IPHONEOS_DEPLOYMENT_TARGET = 16.6;
				LD_RUNPATH_SEARCH_PATHS = (
					"$(inherited)",
					"@executable_path/Frameworks",
				);
				MARKETING_VERSION = 1.0;
				PRODUCT_BUNDLE_IDENTIFIER = com.grad0ff.Developer.Postgram;
				PRODUCT_NAME = "$(TARGET_NAME)";
				SWIFT_EMIT_LOC_STRINGS = YES;
				SWIFT_VERSION = 5.0;
				TARGETED_DEVICE_FAMILY = "1,2";
			};
			name = Debug;
		};
		3743CEF32C3C2DFE00073612 /* Release */ = {
			isa = XCBuildConfiguration;
			buildSettings = {
				ASSETCATALOG_COMPILER_APPICON_NAME = AppIcon;
				ASSETCATALOG_COMPILER_GLOBAL_ACCENT_COLOR_NAME = AccentColor;
				CODE_SIGN_STYLE = Automatic;
				CURRENT_PROJECT_VERSION = 1;
				DEVELOPMENT_TEAM = T3Y57V3BSA;
				GENERATE_INFOPLIST_FILE = YES;
				INFOPLIST_FILE = Postgram/Info.plist;
				INFOPLIST_KEY_NSCameraUsageDescription = "To make photos";
				INFOPLIST_KEY_NSPhotoLibraryAddUsageDescription = "To save capture";
				INFOPLIST_KEY_NSPhotoLibraryUsageDescription = "To save photos";
				INFOPLIST_KEY_UIApplicationSupportsIndirectInputEvents = YES;
				INFOPLIST_KEY_UILaunchStoryboardName = LaunchScreen;
				INFOPLIST_KEY_UISupportedInterfaceOrientations_iPad = "UIInterfaceOrientationPortrait UIInterfaceOrientationPortraitUpsideDown UIInterfaceOrientationLandscapeLeft UIInterfaceOrientationLandscapeRight";
				INFOPLIST_KEY_UISupportedInterfaceOrientations_iPhone = "UIInterfaceOrientationPortrait UIInterfaceOrientationLandscapeLeft UIInterfaceOrientationLandscapeRight";
				IPHONEOS_DEPLOYMENT_TARGET = 16.6;
				LD_RUNPATH_SEARCH_PATHS = (
					"$(inherited)",
					"@executable_path/Frameworks",
				);
				MARKETING_VERSION = 1.0;
				PRODUCT_BUNDLE_IDENTIFIER = com.grad0ff.Developer.Postgram;
				PRODUCT_NAME = "$(TARGET_NAME)";
				SWIFT_EMIT_LOC_STRINGS = YES;
				SWIFT_VERSION = 5.0;
				TARGETED_DEVICE_FAMILY = "1,2";
			};
			name = Release;
		};
/* End XCBuildConfiguration section */

/* Begin XCConfigurationList section */
		3743CED52C3C2DFC00073612 /* Build configuration list for PBXProject "Postgram" */ = {
			isa = XCConfigurationList;
			buildConfigurations = (
				3743CEEF2C3C2DFE00073612 /* Debug */,
				3743CEF02C3C2DFE00073612 /* Release */,
			);
			defaultConfigurationIsVisible = 0;
			defaultConfigurationName = Release;
		};
		3743CEF12C3C2DFE00073612 /* Build configuration list for PBXNativeTarget "Postgram" */ = {
			isa = XCConfigurationList;
			buildConfigurations = (
				3743CEF22C3C2DFE00073612 /* Debug */,
				3743CEF32C3C2DFE00073612 /* Release */,
			);
			defaultConfigurationIsVisible = 0;
			defaultConfigurationName = Release;
		};
/* End XCConfigurationList section */

/* Begin XCRemoteSwiftPackageReference section */
		373DA17D2C4D503C00F53A6D /* XCRemoteSwiftPackageReference "swift-collections" */ = {
			isa = XCRemoteSwiftPackageReference;
			repositoryURL = "https://github.com/apple/swift-collections.git";
			requirement = {
				kind = upToNextMajorVersion;
				minimumVersion = 1.1.2;
			};
		};
		376ABBE92C3D7632009E6B80 /* XCRemoteSwiftPackageReference "SnapKit" */ = {
			isa = XCRemoteSwiftPackageReference;
			repositoryURL = "https://github.com/SnapKit/SnapKit";
			requirement = {
				kind = upToNextMajorVersion;
				minimumVersion = 5.7.1;
			};
		};
/* End XCRemoteSwiftPackageReference section */

/* Begin XCSwiftPackageProductDependency section */
		373DA17E2C4D503C00F53A6D /* Collections */ = {
			isa = XCSwiftPackageProductDependency;
			package = 373DA17D2C4D503C00F53A6D /* XCRemoteSwiftPackageReference "swift-collections" */;
			productName = Collections;
		};
		376ABBEA2C3D7632009E6B80 /* SnapKit */ = {
			isa = XCSwiftPackageProductDependency;
			package = 376ABBE92C3D7632009E6B80 /* XCRemoteSwiftPackageReference "SnapKit" */;
			productName = SnapKit;
		};
/* End XCSwiftPackageProductDependency section */

/* Begin XCVersionGroup section */
		37AC7EC02C3DADD200331626 /* post.xcdatamodeld */ = {
			isa = XCVersionGroup;
			children = (
				37AC7EC12C3DADD200331626 /* post.xcdatamodel */,
			);
			currentVersion = 37AC7EC12C3DADD200331626 /* post.xcdatamodel */;
			name = post.xcdatamodeld;
			path = /Users/pavelgradov/Desktop/iOS_Developer/Development/Postgram/post.xcdatamodeld;
			sourceTree = "<group>";
			versionGroupType = wrapper.xcdatamodel;
		};
/* End XCVersionGroup section */
	};
	rootObject = 3743CED22C3C2DFC00073612 /* Project object */;
}
